
Microsoft Visual Studio Solution File, Format Version 12.00
# Visual Studio 15
VisualStudioVersion = 15.0.28307.168
MinimumVisualStudioVersion = 10.0.40219.1
Project("{888888A0-9F3D-457C-B088-3A5042F75D52}") = "LearningDjango", "LearningDjango\LearningDjango.pyproj", "{628C492D-D19F-4AA5-88BE-CFE8774FF071}"
EndProject
Global
	GlobalSection(SolutionConfigurationPlatforms) = preSolution
		Debug|Any CPU = Debug|Any CPU
		Release|Any CPU = Release|Any CPU
	EndGlobalSection
	GlobalSection(ProjectConfigurationPlatforms) = postSolution
		{628C492D-D19F-4AA5-88BE-CFE8774FF071}.Debug|Any CPU.ActiveCfg = Debug|Any CPU
		{628C492D-D19F-4AA5-88BE-CFE8774FF071}.Debug|Any CPU.Build.0 = Debug|Any CPU
		{628C492D-D19F-4AA5-88BE-CFE8774FF071}.Release|Any CPU.ActiveCfg = Release|Any CPU
		{628C492D-D19F-4AA5-88BE-CFE8774FF071}.Release|Any CPU.Build.0 = Release|Any CPU
	EndGlobalSection
	GlobalSection(SolutionProperties) = preSolution
		HideSolutionNode = FALSE
	EndGlobalSection
	GlobalSection(ExtensibilityGlobals) = postSolution
		SolutionGuid = {549B1117-AE79-46B7-84B4-72DB40ECA5BF}
	EndGlobalSection
EndGlobal
